
Microsoft Visual Studio Solution File, Format Version 12.00
# Visual Studio Version 16
VisualStudioVersion = 16.0.29123.88
MinimumVisualStudioVersion = 10.0.40219.1
Project("{FAE04EC0-301F-11D3-BF4B-00C04F79EFBC}") = "kvmsi", "kvmsi\kvmsi.csproj", "{B3479D64-F4C9-497A-B768-BF7A3B0E031C}"
EndProject
Global
	GlobalSection(SolutionConfigurationPlatforms) = preSolution
		Debug|Any CPU = Debug|Any CPU
		Release|Any CPU = Release|Any CPU
	EndGlobalSection
	GlobalSection(ProjectConfigurationPlatforms) = postSolution
		{B3479D64-F4C9-497A-B768-BF7A3B0E031C}.Debug|Any CPU.ActiveCfg = Debug|Any CPU
		{B3479D64-F4C9-497A-B768-BF7A3B0E031C}.Debug|Any CPU.Build.0 = Debug|Any CPU
		{B3479D64-F4C9-497A-B768-BF7A3B0E031C}.Release|Any CPU.ActiveCfg = Release|Any CPU
		{B3479D64-F4C9-497A-B768-BF7A3B0E031C}.Release|Any CPU.Build.0 = Release|Any CPU
	EndGlobalSection
	GlobalSection(SolutionProperties) = preSolution
		HideSolutionNode = FALSE
	EndGlobalSection
	GlobalSection(ExtensibilityGlobals) = postSolution
		SolutionGuid = {9459CC71-C3D6-4511-9C69-C87CC1C6C4D5}
	EndGlobalSection
EndGlobal
